<?xml version="1.0" encoding="utf-8"?>
<Project ToolsVersion="4.0" xmlns="http://schemas.microsoft.com/developer/msbuild/2003">
  <ItemGroup>
    <Filter Include="Headers">
      <UniqueIdentifier>{d13c0d9b-ac66-48d6-bd67-40d061417f51}</UniqueIdentifier>
    </Filter>
    <Filter Include="Sources">
      <UniqueIdentifier>{8284f1a5-8792-4eb1-afea-4eeb266cbd28}</UniqueIdentifier>
    </Filter>
  </ItemGroup>
  <ItemGroup>
    <ClCompile Include="..\BinPacker.cpp">
      <Filter>Sources</Filter>
    </ClCompile>
    <ClCompile Include="..\EncodingHelper.cpp">
      <Filter>Sources</Filter>
    </ClCompile>
    <ClCompile Include="..\lodepng.cpp">
      <Filter>Sources</Filter>
    </ClCompile>
    <ClCompile Include="..\main.cpp">
      <Filter>Sources</Filter>
    </ClCompile>
    <ClCompile Include="..\stb_image.c">
      <Filter>Sources</Filter>
    </ClCompile>
  </ItemGroup>
  <ItemGroup>
    <ClInclude Include="..\BinPacker.hpp">
      <Filter>Headers</Filter>
    </ClInclude>
    <ClInclude Include="..\EncodingHelper.hpp">
      <Filter>Headers</Filter>
    </ClInclude>
    <ClInclude Include="..\lodepng.h">
      <Filter>Headers</Filter>
    </ClInclude>
    <ClInclude Include="..\stb_image.h">
      <Filter>Headers</Filter>
    </ClInclude>
  </ItemGroup>
</Project>